
Microsoft Visual Studio Solution File, Format Version 12.00
# Visual Studio Version 17
VisualStudioVersion = 17.3.32825.248
MinimumVisualStudioVersion = 10.0.40219.1
Project("{8BC9CEB8-8B4A-11D0-8D11-00A0C91BC942}") = "lab10z2", "lab10z2.vcxproj", "{826311B9-12A5-4294-90F3-751513999EBE}"
EndProject
Global
	GlobalSection(SolutionConfigurationPlatforms) = preSolution
		Debug|x64 = Debug|x64
		Debug|x86 = Debug|x86
		Release|x64 = Release|x64
		Release|x86 = Release|x86
	EndGlobalSection
	GlobalSection(ProjectConfigurationPlatforms) = postSolution
		{826311B9-12A5-4294-90F3-751513999EBE}.Debug|x64.ActiveCfg = Debug|x64
		{826311B9-12A5-4294-90F3-751513999EBE}.Debug|x64.Build.0 = Debug|x64
		{826311B9-12A5-4294-90F3-751513999EBE}.Debug|x86.ActiveCfg = Debug|Win32
		{826311B9-12A5-4294-90F3-751513999EBE}.Debug|x86.Build.0 = Debug|Win32
		{826311B9-12A5-4294-90F3-751513999EBE}.Release|x64.ActiveCfg = Release|x64
		{826311B9-12A5-4294-90F3-751513999EBE}.Release|x64.Build.0 = Release|x64
		{826311B9-12A5-4294-90F3-751513999EBE}.Release|x86.ActiveCfg = Release|Win32
		{826311B9-12A5-4294-90F3-751513999EBE}.Release|x86.Build.0 = Release|Win32
	EndGlobalSection
	GlobalSection(SolutionProperties) = preSolution
		HideSolutionNode = FALSE
	EndGlobalSection
	GlobalSection(ExtensibilityGlobals) = postSolution
		SolutionGuid = {7541E868-0393-4FF9-A4E5-2A2E2F9CE437}
	EndGlobalSection
EndGlobal
